// !$*UTF8*$!
{
	archiveVersion = 1;
	classes = {
	};
	objectVersion = 50;
	objects = {

/* Begin PBXBuildFile section */
		2A09C41424948A52008B3CAD /* LocationDAO.swift in Sources */ = {isa = PBXBuildFile; fileRef = 2A09C41024948A52008B3CAD /* LocationDAO.swift */; };
		2A09C41524948A52008B3CAD /* LocationDAO+LocationDataStore.swift in Sources */ = {isa = PBXBuildFile; fileRef = 2A09C41124948A52008B3CAD /* LocationDAO+LocationDataStore.swift */; };
		2A09C41624948A52008B3CAD /* LocationDAO+LocationManagerDelegate.swift in Sources */ = {isa = PBXBuildFile; fileRef = 2A09C41224948A52008B3CAD /* LocationDAO+LocationManagerDelegate.swift */; };
		2A09C41724948A52008B3CAD /* LocationError.swift in Sources */ = {isa = PBXBuildFile; fileRef = 2A09C41324948A52008B3CAD /* LocationError.swift */; };
		2A09C41B24948ABD008B3CAD /* LocationServices.swift in Sources */ = {isa = PBXBuildFile; fileRef = 2A09C41A24948ABD008B3CAD /* LocationServices.swift */; };
		2A09C41E24948AEC008B3CAD /* QueueManager.swift in Sources */ = {isa = PBXBuildFile; fileRef = 2A09C41D24948AEC008B3CAD /* QueueManager.swift */; };
		2A09C42024948B8D008B3CAD /* GeocodingDAO.swift in Sources */ = {isa = PBXBuildFile; fileRef = 2A09C41F24948B8D008B3CAD /* GeocodingDAO.swift */; };
		2A09C42124948B8F008B3CAD /* GeocodingDAO.swift in Sources */ = {isa = PBXBuildFile; fileRef = 2A09C41F24948B8D008B3CAD /* GeocodingDAO.swift */; };
		2A09C42224948B90008B3CAD /* GeocodingDAO.swift in Sources */ = {isa = PBXBuildFile; fileRef = 2A09C41F24948B8D008B3CAD /* GeocodingDAO.swift */; };
		2A09C42424948CF1008B3CAD /* LocationModel.swift in Sources */ = {isa = PBXBuildFile; fileRef = 2A09C42324948CF1008B3CAD /* LocationModel.swift */; };
		2A09C4262495137D008B3CAD /* DirectionsDAO.swift in Sources */ = {isa = PBXBuildFile; fileRef = 2A09C4252495137D008B3CAD /* DirectionsDAO.swift */; };
		2A09C4272495137D008B3CAD /* DirectionsDAO.swift in Sources */ = {isa = PBXBuildFile; fileRef = 2A09C4252495137D008B3CAD /* DirectionsDAO.swift */; };
		2A09C4282495137D008B3CAD /* DirectionsDAO.swift in Sources */ = {isa = PBXBuildFile; fileRef = 2A09C4252495137D008B3CAD /* DirectionsDAO.swift */; };
		2A0ED2CC24951C2A0042ACE8 /* MKMapView+drawRoute.swift in Sources */ = {isa = PBXBuildFile; fileRef = 2A0ED2CB24951C2A0042ACE8 /* MKMapView+drawRoute.swift */; };
		2A0ED2CD24951C2A0042ACE8 /* MKMapView+drawRoute.swift in Sources */ = {isa = PBXBuildFile; fileRef = 2A0ED2CB24951C2A0042ACE8 /* MKMapView+drawRoute.swift */; };
		2A0ED2CE24951C2A0042ACE8 /* MKMapView+drawRoute.swift in Sources */ = {isa = PBXBuildFile; fileRef = 2A0ED2CB24951C2A0042ACE8 /* MKMapView+drawRoute.swift */; };
		2A0ED2D124952D420042ACE8 /* DateComponentsFormatter+AppFormatter.swift in Sources */ = {isa = PBXBuildFile; fileRef = 2A0ED2D024952D420042ACE8 /* DateComponentsFormatter+AppFormatter.swift */; };
		2A0ED2D224952D420042ACE8 /* DateComponentsFormatter+AppFormatter.swift in Sources */ = {isa = PBXBuildFile; fileRef = 2A0ED2D024952D420042ACE8 /* DateComponentsFormatter+AppFormatter.swift */; };
		2A0ED2D324952D420042ACE8 /* DateComponentsFormatter+AppFormatter.swift in Sources */ = {isa = PBXBuildFile; fileRef = 2A0ED2D024952D420042ACE8 /* DateComponentsFormatter+AppFormatter.swift */; };
		2AABCF8924945FAB0087A823 /* NetworkDAO.swift in Sources */ = {isa = PBXBuildFile; fileRef = 2AABCF7A24945FAB0087A823 /* NetworkDAO.swift */; };
		2AABCF8A24945FAB0087A823 /* ParameterEncoding.swift in Sources */ = {isa = PBXBuildFile; fileRef = 2AABCF7C24945FAB0087A823 /* ParameterEncoding.swift */; };
		2AABCF8B24945FAB0087A823 /* RequestEncodable.swift in Sources */ = {isa = PBXBuildFile; fileRef = 2AABCF7D24945FAB0087A823 /* RequestEncodable.swift */; };
		2AABCF8C24945FAB0087A823 /* URLParameterEncoder.swift in Sources */ = {isa = PBXBuildFile; fileRef = 2AABCF7E24945FAB0087A823 /* URLParameterEncoder.swift */; };
		2AABCF8D24945FAB0087A823 /* JSONParameterEncoder.swift in Sources */ = {isa = PBXBuildFile; fileRef = 2AABCF7F24945FAB0087A823 /* JSONParameterEncoder.swift */; };
		2AABCF8E24945FAB0087A823 /* HTTPTask.swift in Sources */ = {isa = PBXBuildFile; fileRef = 2AABCF8124945FAB0087A823 /* HTTPTask.swift */; };
		2AABCF8F24945FAB0087A823 /* HTTPMethod.swift in Sources */ = {isa = PBXBuildFile; fileRef = 2AABCF8224945FAB0087A823 /* HTTPMethod.swift */; };
		2AABCF9024945FAB0087A823 /* EndPointType.swift in Sources */ = {isa = PBXBuildFile; fileRef = 2AABCF8324945FAB0087A823 /* EndPointType.swift */; };
		2AABCF9224945FAB0087A823 /* NetoworkRouter.swift in Sources */ = {isa = PBXBuildFile; fileRef = 2AABCF8724945FAB0087A823 /* NetoworkRouter.swift */; };
		2AABCF9324945FAB0087A823 /* Router.swift in Sources */ = {isa = PBXBuildFile; fileRef = 2AABCF8824945FAB0087A823 /* Router.swift */; };
		2AABCFB024945FF70087A823 /* AppFonts.swift in Sources */ = {isa = PBXBuildFile; fileRef = 2AABCF9524945FF70087A823 /* AppFonts.swift */; };
		2AABCFB324945FF70087A823 /* UICollectionView+BackgroundActivity.swift in Sources */ = {isa = PBXBuildFile; fileRef = 2AABCF9A24945FF70087A823 /* UICollectionView+BackgroundActivity.swift */; };
		2AABCFB424945FF70087A823 /* UICollectionView+registerNib.swift in Sources */ = {isa = PBXBuildFile; fileRef = 2AABCF9B24945FF70087A823 /* UICollectionView+registerNib.swift */; };
		2AABCFB524945FF70087A823 /* UIView+Identifiable.swift in Sources */ = {isa = PBXBuildFile; fileRef = 2AABCF9D24945FF70087A823 /* UIView+Identifiable.swift */; };
		2AABCFB624945FF70087A823 /* UIView+CornerRadius.swift in Sources */ = {isa = PBXBuildFile; fileRef = 2AABCF9E24945FF70087A823 /* UIView+CornerRadius.swift */; };
		2AABCFB724945FF70087A823 /* UITextField+Height.swift in Sources */ = {isa = PBXBuildFile; fileRef = 2AABCF9F24945FF70087A823 /* UITextField+Height.swift */; };
		2AABCFBE24945FF70087A823 /* String+Regex.swift in Sources */ = {isa = PBXBuildFile; fileRef = 2AABCFA824945FF70087A823 /* String+Regex.swift */; };
		2AABCFC224945FF70087A823 /* UIViewController+presentAlert.swift in Sources */ = {isa = PBXBuildFile; fileRef = 2AABCFAD24945FF70087A823 /* UIViewController+presentAlert.swift */; };
		2AABCFC324945FF70087A823 /* UITableView+RegisterNib.swift in Sources */ = {isa = PBXBuildFile; fileRef = 2AABCFAE24945FF70087A823 /* UITableView+RegisterNib.swift */; };
		2AABCFCB2494613E0087A823 /* UITextField+Padding.swift in Sources */ = {isa = PBXBuildFile; fileRef = 2AABCFCA2494613E0087A823 /* UITextField+Padding.swift */; };
		2AABCFCC2494613E0087A823 /* UITextField+Padding.swift in Sources */ = {isa = PBXBuildFile; fileRef = 2AABCFCA2494613E0087A823 /* UITextField+Padding.swift */; };
		2AABCFCD2494613E0087A823 /* UITextField+Padding.swift in Sources */ = {isa = PBXBuildFile; fileRef = 2AABCFCA2494613E0087A823 /* UITextField+Padding.swift */; };
		2AABCFCF249461990087A823 /* Date+dateRanges.swift in Sources */ = {isa = PBXBuildFile; fileRef = 2AABCFCE249461990087A823 /* Date+dateRanges.swift */; };
		2AABCFD0249461990087A823 /* Date+dateRanges.swift in Sources */ = {isa = PBXBuildFile; fileRef = 2AABCFCE249461990087A823 /* Date+dateRanges.swift */; };
		2AABCFD1249461990087A823 /* Date+dateRanges.swift in Sources */ = {isa = PBXBuildFile; fileRef = 2AABCFCE249461990087A823 /* Date+dateRanges.swift */; };
		2AABCFD424947BDE0087A823 /* CommercialFacility.swift in Sources */ = {isa = PBXBuildFile; fileRef = 2AABCFD324947BDE0087A823 /* CommercialFacility.swift */; };
		2AABCFD524947BDE0087A823 /* CommercialFacility.swift in Sources */ = {isa = PBXBuildFile; fileRef = 2AABCFD324947BDE0087A823 /* CommercialFacility.swift */; };
		2AABCFD624947BDE0087A823 /* CommercialFacility.swift in Sources */ = {isa = PBXBuildFile; fileRef = 2AABCFD324947BDE0087A823 /* CommercialFacility.swift */; };
		2AABCFDB249486F90087A823 /* CommercialFacilityAnnotation.swift in Sources */ = {isa = PBXBuildFile; fileRef = 2AABCFDA249486F90087A823 /* CommercialFacilityAnnotation.swift */; };
		2AABCFDC249486F90087A823 /* CommercialFacilityAnnotation.swift in Sources */ = {isa = PBXBuildFile; fileRef = 2AABCFDA249486F90087A823 /* CommercialFacilityAnnotation.swift */; };
		2AABCFDD249486F90087A823 /* CommercialFacilityAnnotation.swift in Sources */ = {isa = PBXBuildFile; fileRef = 2AABCFDA249486F90087A823 /* CommercialFacilityAnnotation.swift */; };
		2AF79F072494590900DFBD6A /* AppDelegate.swift in Sources */ = {isa = PBXBuildFile; fileRef = 2AF79F062494590900DFBD6A /* AppDelegate.swift */; };
		2AF79F092494590900DFBD6A /* SceneDelegate.swift in Sources */ = {isa = PBXBuildFile; fileRef = 2AF79F082494590900DFBD6A /* SceneDelegate.swift */; };
		2AF79F0B2494590900DFBD6A /* ViewController.swift in Sources */ = {isa = PBXBuildFile; fileRef = 2AF79F0A2494590900DFBD6A /* ViewController.swift */; };
		2AF79F0E2494590900DFBD6A /* Main.storyboard in Resources */ = {isa = PBXBuildFile; fileRef = 2AF79F0C2494590900DFBD6A /* Main.storyboard */; };
		2AF79F132494590C00DFBD6A /* LaunchScreen.storyboard in Resources */ = {isa = PBXBuildFile; fileRef = 2AF79F112494590C00DFBD6A /* LaunchScreen.storyboard */; };
		2AF79F3D24945BBF00DFBD6A /* Colors.xcassets in Resources */ = {isa = PBXBuildFile; fileRef = 2AF79F3C24945BBF00DFBD6A /* Colors.xcassets */; };
		2AF79F3F24945BDF00DFBD6A /* Icons.xcassets in Resources */ = {isa = PBXBuildFile; fileRef = 2AF79F3E24945BDF00DFBD6A /* Icons.xcassets */; };
		2AF79F4124945BF300DFBD6A /* Images.xcassets in Resources */ = {isa = PBXBuildFile; fileRef = 2AF79F4024945BF300DFBD6A /* Images.xcassets */; };
		2AF79F4324945C1D00DFBD6A /* AppColors.swift in Sources */ = {isa = PBXBuildFile; fileRef = 2AF79F4224945C1D00DFBD6A /* AppColors.swift */; };
		2AF79F4624945D8F00DFBD6A /* NumberFormatter+Currency.swift in Sources */ = {isa = PBXBuildFile; fileRef = 2AF79F4524945D8F00DFBD6A /* NumberFormatter+Currency.swift */; };
		2AF79F4724945D8F00DFBD6A /* NumberFormatter+Currency.swift in Sources */ = {isa = PBXBuildFile; fileRef = 2AF79F4524945D8F00DFBD6A /* NumberFormatter+Currency.swift */; };
		2AF79F4824945D8F00DFBD6A /* NumberFormatter+Currency.swift in Sources */ = {isa = PBXBuildFile; fileRef = 2AF79F4524945D8F00DFBD6A /* NumberFormatter+Currency.swift */; };
		2AF79F4A24945E0C00DFBD6A /* MeasurementFormatter+AppFormatters.swift in Sources */ = {isa = PBXBuildFile; fileRef = 2AF79F4924945E0C00DFBD6A /* MeasurementFormatter+AppFormatters.swift */; };
		2AF79F4B24945E0C00DFBD6A /* MeasurementFormatter+AppFormatters.swift in Sources */ = {isa = PBXBuildFile; fileRef = 2AF79F4924945E0C00DFBD6A /* MeasurementFormatter+AppFormatters.swift */; };
		2AF79F4C24945E0C00DFBD6A /* MeasurementFormatter+AppFormatters.swift in Sources */ = {isa = PBXBuildFile; fileRef = 2AF79F4924945E0C00DFBD6A /* MeasurementFormatter+AppFormatters.swift */; };
		2AF79F4E24945E8F00DFBD6A /* NumberFormatter+Decimal.swift in Sources */ = {isa = PBXBuildFile; fileRef = 2AF79F4D24945E8F00DFBD6A /* NumberFormatter+Decimal.swift */; };
		2AF79F4F24945E8F00DFBD6A /* NumberFormatter+Decimal.swift in Sources */ = {isa = PBXBuildFile; fileRef = 2AF79F4D24945E8F00DFBD6A /* NumberFormatter+Decimal.swift */; };
		2AF79F5024945E8F00DFBD6A /* NumberFormatter+Decimal.swift in Sources */ = {isa = PBXBuildFile; fileRef = 2AF79F4D24945E8F00DFBD6A /* NumberFormatter+Decimal.swift */; };
/* End PBXBuildFile section */

/* Begin PBXContainerItemProxy section */
		2AF79F1A2494590C00DFBD6A /* PBXContainerItemProxy */ = {
			isa = PBXContainerItemProxy;
			containerPortal = 2AF79EFB2494590900DFBD6A /* Project object */;
			proxyType = 1;
			remoteGlobalIDString = 2AF79F022494590900DFBD6A;
			remoteInfo = HackathonCCR;
		};
		2AF79F252494590C00DFBD6A /* PBXContainerItemProxy */ = {
			isa = PBXContainerItemProxy;
			containerPortal = 2AF79EFB2494590900DFBD6A /* Project object */;
			proxyType = 1;
			remoteGlobalIDString = 2AF79F022494590900DFBD6A;
			remoteInfo = HackathonCCR;
		};
/* End PBXContainerItemProxy section */

/* Begin PBXFileReference section */
		2A09C41024948A52008B3CAD /* LocationDAO.swift */ = {isa = PBXFileReference; fileEncoding = 4; lastKnownFileType = sourcecode.swift; path = LocationDAO.swift; sourceTree = "<group>"; };
		2A09C41124948A52008B3CAD /* LocationDAO+LocationDataStore.swift */ = {isa = PBXFileReference; fileEncoding = 4; lastKnownFileType = sourcecode.swift; path = "LocationDAO+LocationDataStore.swift"; sourceTree = "<group>"; };
		2A09C41224948A52008B3CAD /* LocationDAO+LocationManagerDelegate.swift */ = {isa = PBXFileReference; fileEncoding = 4; lastKnownFileType = sourcecode.swift; path = "LocationDAO+LocationManagerDelegate.swift"; sourceTree = "<group>"; };
		2A09C41324948A52008B3CAD /* LocationError.swift */ = {isa = PBXFileReference; fileEncoding = 4; lastKnownFileType = sourcecode.swift; path = LocationError.swift; sourceTree = "<group>"; };
		2A09C41A24948ABD008B3CAD /* LocationServices.swift */ = {isa = PBXFileReference; fileEncoding = 4; lastKnownFileType = sourcecode.swift; path = LocationServices.swift; sourceTree = "<group>"; };
		2A09C41D24948AEC008B3CAD /* QueueManager.swift */ = {isa = PBXFileReference; fileEncoding = 4; lastKnownFileType = sourcecode.swift; path = QueueManager.swift; sourceTree = "<group>"; };
		2A09C41F24948B8D008B3CAD /* GeocodingDAO.swift */ = {isa = PBXFileReference; lastKnownFileType = sourcecode.swift; path = GeocodingDAO.swift; sourceTree = "<group>"; };
		2A09C42324948CF1008B3CAD /* LocationModel.swift */ = {isa = PBXFileReference; lastKnownFileType = sourcecode.swift; path = LocationModel.swift; sourceTree = "<group>"; };
		2A09C4252495137D008B3CAD /* DirectionsDAO.swift */ = {isa = PBXFileReference; lastKnownFileType = sourcecode.swift; path = DirectionsDAO.swift; sourceTree = "<group>"; };
		2A0ED2CB24951C2A0042ACE8 /* MKMapView+drawRoute.swift */ = {isa = PBXFileReference; lastKnownFileType = sourcecode.swift; path = "MKMapView+drawRoute.swift"; sourceTree = "<group>"; };
		2A0ED2D024952D420042ACE8 /* DateComponentsFormatter+AppFormatter.swift */ = {isa = PBXFileReference; lastKnownFileType = sourcecode.swift; path = "DateComponentsFormatter+AppFormatter.swift"; sourceTree = "<group>"; };
		2AABCF7A24945FAB0087A823 /* NetworkDAO.swift */ = {isa = PBXFileReference; fileEncoding = 4; lastKnownFileType = sourcecode.swift; path = NetworkDAO.swift; sourceTree = "<group>"; };
		2AABCF7C24945FAB0087A823 /* ParameterEncoding.swift */ = {isa = PBXFileReference; fileEncoding = 4; lastKnownFileType = sourcecode.swift; path = ParameterEncoding.swift; sourceTree = "<group>"; };
		2AABCF7D24945FAB0087A823 /* RequestEncodable.swift */ = {isa = PBXFileReference; fileEncoding = 4; lastKnownFileType = sourcecode.swift; path = RequestEncodable.swift; sourceTree = "<group>"; };
		2AABCF7E24945FAB0087A823 /* URLParameterEncoder.swift */ = {isa = PBXFileReference; fileEncoding = 4; lastKnownFileType = sourcecode.swift; path = URLParameterEncoder.swift; sourceTree = "<group>"; };
		2AABCF7F24945FAB0087A823 /* JSONParameterEncoder.swift */ = {isa = PBXFileReference; fileEncoding = 4; lastKnownFileType = sourcecode.swift; path = JSONParameterEncoder.swift; sourceTree = "<group>"; };
		2AABCF8124945FAB0087A823 /* HTTPTask.swift */ = {isa = PBXFileReference; fileEncoding = 4; lastKnownFileType = sourcecode.swift; path = HTTPTask.swift; sourceTree = "<group>"; };
		2AABCF8224945FAB0087A823 /* HTTPMethod.swift */ = {isa = PBXFileReference; fileEncoding = 4; lastKnownFileType = sourcecode.swift; path = HTTPMethod.swift; sourceTree = "<group>"; };
		2AABCF8324945FAB0087A823 /* EndPointType.swift */ = {isa = PBXFileReference; fileEncoding = 4; lastKnownFileType = sourcecode.swift; path = EndPointType.swift; sourceTree = "<group>"; };
		2AABCF8724945FAB0087A823 /* NetoworkRouter.swift */ = {isa = PBXFileReference; fileEncoding = 4; lastKnownFileType = sourcecode.swift; path = NetoworkRouter.swift; sourceTree = "<group>"; };
		2AABCF8824945FAB0087A823 /* Router.swift */ = {isa = PBXFileReference; fileEncoding = 4; lastKnownFileType = sourcecode.swift; path = Router.swift; sourceTree = "<group>"; };
		2AABCF9524945FF70087A823 /* AppFonts.swift */ = {isa = PBXFileReference; fileEncoding = 4; lastKnownFileType = sourcecode.swift; path = AppFonts.swift; sourceTree = "<group>"; };
		2AABCF9A24945FF70087A823 /* UICollectionView+BackgroundActivity.swift */ = {isa = PBXFileReference; fileEncoding = 4; lastKnownFileType = sourcecode.swift; path = "UICollectionView+BackgroundActivity.swift"; sourceTree = "<group>"; };
		2AABCF9B24945FF70087A823 /* UICollectionView+registerNib.swift */ = {isa = PBXFileReference; fileEncoding = 4; lastKnownFileType = sourcecode.swift; path = "UICollectionView+registerNib.swift"; sourceTree = "<group>"; };
		2AABCF9D24945FF70087A823 /* UIView+Identifiable.swift */ = {isa = PBXFileReference; fileEncoding = 4; lastKnownFileType = sourcecode.swift; path = "UIView+Identifiable.swift"; sourceTree = "<group>"; };
		2AABCF9E24945FF70087A823 /* UIView+CornerRadius.swift */ = {isa = PBXFileReference; fileEncoding = 4; lastKnownFileType = sourcecode.swift; path = "UIView+CornerRadius.swift"; sourceTree = "<group>"; };
		2AABCF9F24945FF70087A823 /* UITextField+Height.swift */ = {isa = PBXFileReference; fileEncoding = 4; lastKnownFileType = sourcecode.swift; path = "UITextField+Height.swift"; sourceTree = "<group>"; };
		2AABCFA824945FF70087A823 /* String+Regex.swift */ = {isa = PBXFileReference; fileEncoding = 4; lastKnownFileType = sourcecode.swift; path = "String+Regex.swift"; sourceTree = "<group>"; };
		2AABCFAD24945FF70087A823 /* UIViewController+presentAlert.swift */ = {isa = PBXFileReference; fileEncoding = 4; lastKnownFileType = sourcecode.swift; path = "UIViewController+presentAlert.swift"; sourceTree = "<group>"; };
		2AABCFAE24945FF70087A823 /* UITableView+RegisterNib.swift */ = {isa = PBXFileReference; fileEncoding = 4; lastKnownFileType = sourcecode.swift; path = "UITableView+RegisterNib.swift"; sourceTree = "<group>"; };
		2AABCFCA2494613E0087A823 /* UITextField+Padding.swift */ = {isa = PBXFileReference; lastKnownFileType = sourcecode.swift; path = "UITextField+Padding.swift"; sourceTree = "<group>"; };
		2AABCFCE249461990087A823 /* Date+dateRanges.swift */ = {isa = PBXFileReference; lastKnownFileType = sourcecode.swift; path = "Date+dateRanges.swift"; sourceTree = "<group>"; };
		2AABCFD324947BDE0087A823 /* CommercialFacility.swift */ = {isa = PBXFileReference; lastKnownFileType = sourcecode.swift; path = CommercialFacility.swift; sourceTree = "<group>"; };
		2AABCFDA249486F90087A823 /* CommercialFacilityAnnotation.swift */ = {isa = PBXFileReference; lastKnownFileType = sourcecode.swift; path = CommercialFacilityAnnotation.swift; sourceTree = "<group>"; };
		2AF79F032494590900DFBD6A /* HackathonCCR.app */ = {isa = PBXFileReference; explicitFileType = wrapper.application; includeInIndex = 0; path = HackathonCCR.app; sourceTree = BUILT_PRODUCTS_DIR; };
		2AF79F062494590900DFBD6A /* AppDelegate.swift */ = {isa = PBXFileReference; lastKnownFileType = sourcecode.swift; path = AppDelegate.swift; sourceTree = "<group>"; };
		2AF79F082494590900DFBD6A /* SceneDelegate.swift */ = {isa = PBXFileReference; lastKnownFileType = sourcecode.swift; path = SceneDelegate.swift; sourceTree = "<group>"; };
		2AF79F0A2494590900DFBD6A /* ViewController.swift */ = {isa = PBXFileReference; lastKnownFileType = sourcecode.swift; path = ViewController.swift; sourceTree = "<group>"; };
		2AF79F0D2494590900DFBD6A /* Base */ = {isa = PBXFileReference; lastKnownFileType = file.storyboard; name = Base; path = Base.lproj/Main.storyboard; sourceTree = "<group>"; };
		2AF79F122494590C00DFBD6A /* Base */ = {isa = PBXFileReference; lastKnownFileType = file.storyboard; name = Base; path = Base.lproj/LaunchScreen.storyboard; sourceTree = "<group>"; };
		2AF79F142494590C00DFBD6A /* Info.plist */ = {isa = PBXFileReference; lastKnownFileType = text.plist.xml; path = Info.plist; sourceTree = "<group>"; };
		2AF79F192494590C00DFBD6A /* HackathonCCRTests.xctest */ = {isa = PBXFileReference; explicitFileType = wrapper.cfbundle; includeInIndex = 0; path = HackathonCCRTests.xctest; sourceTree = BUILT_PRODUCTS_DIR; };
		2AF79F1F2494590C00DFBD6A /* Info.plist */ = {isa = PBXFileReference; lastKnownFileType = text.plist.xml; path = Info.plist; sourceTree = "<group>"; };
		2AF79F242494590C00DFBD6A /* HackathonCCRUITests.xctest */ = {isa = PBXFileReference; explicitFileType = wrapper.cfbundle; includeInIndex = 0; path = HackathonCCRUITests.xctest; sourceTree = BUILT_PRODUCTS_DIR; };
		2AF79F2A2494590C00DFBD6A /* Info.plist */ = {isa = PBXFileReference; lastKnownFileType = text.plist.xml; path = Info.plist; sourceTree = "<group>"; };
		2AF79F3C24945BBF00DFBD6A /* Colors.xcassets */ = {isa = PBXFileReference; lastKnownFileType = folder.assetcatalog; path = Colors.xcassets; sourceTree = "<group>"; };
		2AF79F3E24945BDF00DFBD6A /* Icons.xcassets */ = {isa = PBXFileReference; lastKnownFileType = folder.assetcatalog; path = Icons.xcassets; sourceTree = "<group>"; };
		2AF79F4024945BF300DFBD6A /* Images.xcassets */ = {isa = PBXFileReference; lastKnownFileType = folder.assetcatalog; path = Images.xcassets; sourceTree = "<group>"; };
		2AF79F4224945C1D00DFBD6A /* AppColors.swift */ = {isa = PBXFileReference; lastKnownFileType = sourcecode.swift; path = AppColors.swift; sourceTree = "<group>"; };
		2AF79F4524945D8F00DFBD6A /* NumberFormatter+Currency.swift */ = {isa = PBXFileReference; lastKnownFileType = sourcecode.swift; path = "NumberFormatter+Currency.swift"; sourceTree = "<group>"; };
		2AF79F4924945E0C00DFBD6A /* MeasurementFormatter+AppFormatters.swift */ = {isa = PBXFileReference; lastKnownFileType = sourcecode.swift; path = "MeasurementFormatter+AppFormatters.swift"; sourceTree = "<group>"; };
		2AF79F4D24945E8F00DFBD6A /* NumberFormatter+Decimal.swift */ = {isa = PBXFileReference; lastKnownFileType = sourcecode.swift; path = "NumberFormatter+Decimal.swift"; sourceTree = "<group>"; };
/* End PBXFileReference section */

/* Begin PBXFrameworksBuildPhase section */
		2AF79F002494590900DFBD6A /* Frameworks */ = {
			isa = PBXFrameworksBuildPhase;
			buildActionMask = 2147483647;
			files = (
			);
			runOnlyForDeploymentPostprocessing = 0;
		};
		2AF79F162494590C00DFBD6A /* Frameworks */ = {
			isa = PBXFrameworksBuildPhase;
			buildActionMask = 2147483647;
			files = (
			);
			runOnlyForDeploymentPostprocessing = 0;
		};
		2AF79F212494590C00DFBD6A /* Frameworks */ = {
			isa = PBXFrameworksBuildPhase;
			buildActionMask = 2147483647;
			files = (
			);
			runOnlyForDeploymentPostprocessing = 0;
		};
/* End PBXFrameworksBuildPhase section */

/* Begin PBXGroup section */
		2A09C40F24948A52008B3CAD /* LocationDAO */ = {
			isa = PBXGroup;
			children = (
				2A09C41024948A52008B3CAD /* LocationDAO.swift */,
				2A09C41124948A52008B3CAD /* LocationDAO+LocationDataStore.swift */,
				2A09C41224948A52008B3CAD /* LocationDAO+LocationManagerDelegate.swift */,
				2A09C41324948A52008B3CAD /* LocationError.swift */,
			);
			path = LocationDAO;
			sourceTree = "<group>";
		};
		2A09C41824948A56008B3CAD /* DAO */ = {
			isa = PBXGroup;
			children = (
				2A09C40F24948A52008B3CAD /* LocationDAO */,
				2A09C41F24948B8D008B3CAD /* GeocodingDAO.swift */,
				2A09C4252495137D008B3CAD /* DirectionsDAO.swift */,
			);
			path = DAO;
			sourceTree = "<group>";
		};
		2A09C41924948A88008B3CAD /* Services */ = {
			isa = PBXGroup;
			children = (
				2A09C41C24948AEC008B3CAD /* Mechanism */,
				2A09C41A24948ABD008B3CAD /* LocationServices.swift */,
			);
			path = Services;
			sourceTree = "<group>";
		};
		2A09C41C24948AEC008B3CAD /* Mechanism */ = {
			isa = PBXGroup;
			children = (
				2A09C41D24948AEC008B3CAD /* QueueManager.swift */,
			);
			path = Mechanism;
			sourceTree = "<group>";
		};
		2A0ED2CA24951C090042ACE8 /* MapView */ = {
			isa = PBXGroup;
			children = (
				2A0ED2CB24951C2A0042ACE8 /* MKMapView+drawRoute.swift */,
			);
			path = MapView;
			sourceTree = "<group>";
		};
		2A0ED2CF24952D1B0042ACE8 /* DateComponentsFormatter */ = {
			isa = PBXGroup;
			children = (
				2A0ED2D024952D420042ACE8 /* DateComponentsFormatter+AppFormatter.swift */,
			);
			path = DateComponentsFormatter;
			sourceTree = "<group>";
		};
		2AABCF7824945FAB0087A823 /* Network */ = {
			isa = PBXGroup;
			children = (
				2AABCF8424945FAB0087A823 /* API */,
				2AABCF7924945FAB0087A823 /* DAO */,
				2AABCF7B24945FAB0087A823 /* Encoding */,
				2AABCF8024945FAB0087A823 /* EndPoint */,
				2AABCF8624945FAB0087A823 /* Service */,
			);
			path = Network;
			sourceTree = "<group>";
		};
		2AABCF7924945FAB0087A823 /* DAO */ = {
			isa = PBXGroup;
			children = (
				2AABCF7A24945FAB0087A823 /* NetworkDAO.swift */,
			);
			path = DAO;
			sourceTree = "<group>";
		};
		2AABCF7B24945FAB0087A823 /* Encoding */ = {
			isa = PBXGroup;
			children = (
				2AABCF7C24945FAB0087A823 /* ParameterEncoding.swift */,
				2AABCF7D24945FAB0087A823 /* RequestEncodable.swift */,
				2AABCF7E24945FAB0087A823 /* URLParameterEncoder.swift */,
				2AABCF7F24945FAB0087A823 /* JSONParameterEncoder.swift */,
			);
			path = Encoding;
			sourceTree = "<group>";
		};
		2AABCF8024945FAB0087A823 /* EndPoint */ = {
			isa = PBXGroup;
			children = (
				2AABCF8124945FAB0087A823 /* HTTPTask.swift */,
				2AABCF8224945FAB0087A823 /* HTTPMethod.swift */,
				2AABCF8324945FAB0087A823 /* EndPointType.swift */,
			);
			path = EndPoint;
			sourceTree = "<group>";
		};
		2AABCF8424945FAB0087A823 /* API */ = {
			isa = PBXGroup;
			children = (
			);
			path = API;
			sourceTree = "<group>";
		};
		2AABCF8624945FAB0087A823 /* Service */ = {
			isa = PBXGroup;
			children = (
				2AABCF8724945FAB0087A823 /* NetoworkRouter.swift */,
				2AABCF8824945FAB0087A823 /* Router.swift */,
			);
			path = Service;
			sourceTree = "<group>";
		};
		2AABCF9424945FF70087A823 /* Fonts */ = {
			isa = PBXGroup;
			children = (
				2AABCF9524945FF70087A823 /* AppFonts.swift */,
			);
			path = Fonts;
			sourceTree = "<group>";
		};
		2AABCF9724945FF70087A823 /* CollectionView */ = {
			isa = PBXGroup;
			children = (
				2AABCF9A24945FF70087A823 /* UICollectionView+BackgroundActivity.swift */,
				2AABCF9B24945FF70087A823 /* UICollectionView+registerNib.swift */,
			);
			path = CollectionView;
			sourceTree = "<group>";
		};
		2AABCF9C24945FF70087A823 /* View */ = {
			isa = PBXGroup;
			children = (
				2AABCF9D24945FF70087A823 /* UIView+Identifiable.swift */,
				2AABCF9E24945FF70087A823 /* UIView+CornerRadius.swift */,
			);
			path = View;
			sourceTree = "<group>";
		};
		2AABCFA624945FF70087A823 /* String */ = {
			isa = PBXGroup;
			children = (
				2AABCFA824945FF70087A823 /* String+Regex.swift */,
			);
			path = String;
			sourceTree = "<group>";
		};
		2AABCFAB24945FF70087A823 /* ViewController */ = {
			isa = PBXGroup;
			children = (
				2AABCFAD24945FF70087A823 /* UIViewController+presentAlert.swift */,
			);
			path = ViewController;
			sourceTree = "<group>";
		};
		2AABCFC5249460270087A823 /* NumberFormatter */ = {
			isa = PBXGroup;
			children = (
				2AF79F4524945D8F00DFBD6A /* NumberFormatter+Currency.swift */,
				2AF79F4D24945E8F00DFBD6A /* NumberFormatter+Decimal.swift */,
			);
			path = NumberFormatter;
			sourceTree = "<group>";
		};
		2AABCFC6249460350087A823 /* MeasurementFormatter */ = {
			isa = PBXGroup;
			children = (
				2AF79F4924945E0C00DFBD6A /* MeasurementFormatter+AppFormatters.swift */,
			);
			path = MeasurementFormatter;
			sourceTree = "<group>";
		};
		2AABCFC72494603F0087A823 /* TableView */ = {
			isa = PBXGroup;
			children = (
				2AABCFAE24945FF70087A823 /* UITableView+RegisterNib.swift */,
			);
			path = TableView;
			sourceTree = "<group>";
		};
		2AABCFC8249460DE0087A823 /* Date */ = {
			isa = PBXGroup;
			children = (
				2AABCFCE249461990087A823 /* Date+dateRanges.swift */,
			);
			path = Date;
			sourceTree = "<group>";
		};
		2AABCFC92494611A0087A823 /* TextField */ = {
			isa = PBXGroup;
			children = (
				2AABCF9F24945FF70087A823 /* UITextField+Height.swift */,
				2AABCFCA2494613E0087A823 /* UITextField+Padding.swift */,
			);
			path = TextField;
			sourceTree = "<group>";
		};
		2AABCFD224947B560087A823 /* Model */ = {
			isa = PBXGroup;
			children = (
				2AABCFD324947BDE0087A823 /* CommercialFacility.swift */,
				2A09C42324948CF1008B3CAD /* LocationModel.swift */,
			);
			path = Model;
			sourceTree = "<group>";
		};
		2AABCFD9249486BE0087A823 /* ViewModel */ = {
			isa = PBXGroup;
			children = (
				2AABCFDA249486F90087A823 /* CommercialFacilityAnnotation.swift */,
			);
			path = ViewModel;
			sourceTree = "<group>";
		};
		2AF79EFA2494590900DFBD6A = {
			isa = PBXGroup;
			children = (
				2AF79F052494590900DFBD6A /* HackathonCCR */,
				2AF79F1C2494590C00DFBD6A /* HackathonCCRTests */,
				2AF79F272494590C00DFBD6A /* HackathonCCRUITests */,
				2AF79F042494590900DFBD6A /* Products */,
			);
			sourceTree = "<group>";
		};
		2AF79F042494590900DFBD6A /* Products */ = {
			isa = PBXGroup;
			children = (
				2AF79F032494590900DFBD6A /* HackathonCCR.app */,
				2AF79F192494590C00DFBD6A /* HackathonCCRTests.xctest */,
				2AF79F242494590C00DFBD6A /* HackathonCCRUITests.xctest */,
			);
			name = Products;
			sourceTree = "<group>";
		};
		2AF79F052494590900DFBD6A /* HackathonCCR */ = {
			isa = PBXGroup;
			children = (
				2A09C41924948A88008B3CAD /* Services */,
				2A09C41824948A56008B3CAD /* DAO */,
				2AABCFD224947B560087A823 /* Model */,
				2AABCF7824945FAB0087A823 /* Network */,
				2AF79F362494597400DFBD6A /* Main Application */,
				2AF79F37249459C800DFBD6A /* Resources */,
				2AF79F3924945B7100DFBD6A /* Storyboards */,
				2AF79F142494590C00DFBD6A /* Info.plist */,
			);
			path = HackathonCCR;
			sourceTree = "<group>";
		};
		2AF79F1C2494590C00DFBD6A /* HackathonCCRTests */ = {
			isa = PBXGroup;
			children = (
				2AF79F1F2494590C00DFBD6A /* Info.plist */,
			);
			path = HackathonCCRTests;
			sourceTree = "<group>";
		};
		2AF79F272494590C00DFBD6A /* HackathonCCRUITests */ = {
			isa = PBXGroup;
			children = (
				2AF79F2A2494590C00DFBD6A /* Info.plist */,
			);
			path = HackathonCCRUITests;
			sourceTree = "<group>";
		};
		2AF79F362494597400DFBD6A /* Main Application */ = {
			isa = PBXGroup;
			children = (
				2AF79F062494590900DFBD6A /* AppDelegate.swift */,
				2AF79F082494590900DFBD6A /* SceneDelegate.swift */,
			);
			path = "Main Application";
			sourceTree = "<group>";
		};
		2AF79F37249459C800DFBD6A /* Resources */ = {
			isa = PBXGroup;
			children = (
				2AF79F4424945C9E00DFBD6A /* Extension */,
				2AABCF9424945FF70087A823 /* Fonts */,
				2AF79F3A24945B8A00DFBD6A /* Colors */,
				2AF79F3E24945BDF00DFBD6A /* Icons.xcassets */,
				2AF79F4024945BF300DFBD6A /* Images.xcassets */,
			);
			path = Resources;
			sourceTree = "<group>";
		};
		2AF79F3924945B7100DFBD6A /* Storyboards */ = {
			isa = PBXGroup;
			children = (
				2AABCFD9249486BE0087A823 /* ViewModel */,
				2AF79F112494590C00DFBD6A /* LaunchScreen.storyboard */,
				2AF79F3B24945BAD00DFBD6A /* Main */,
			);
			path = Storyboards;
			sourceTree = "<group>";
		};
		2AF79F3A24945B8A00DFBD6A /* Colors */ = {
			isa = PBXGroup;
			children = (
				2AF79F3C24945BBF00DFBD6A /* Colors.xcassets */,
				2AF79F4224945C1D00DFBD6A /* AppColors.swift */,
			);
			path = Colors;
			sourceTree = "<group>";
		};
		2AF79F3B24945BAD00DFBD6A /* Main */ = {
			isa = PBXGroup;
			children = (
				2AF79F0C2494590900DFBD6A /* Main.storyboard */,
				2AF79F0A2494590900DFBD6A /* ViewController.swift */,
			);
			path = Main;
			sourceTree = "<group>";
		};
		2AF79F4424945C9E00DFBD6A /* Extension */ = {
			isa = PBXGroup;
			children = (
				2AABCF9724945FF70087A823 /* CollectionView */,
				2AABCFC8249460DE0087A823 /* Date */,
				2AABCFC6249460350087A823 /* MeasurementFormatter */,
				2A0ED2CA24951C090042ACE8 /* MapView */,
				2AABCFC5249460270087A823 /* NumberFormatter */,
				2AABCFC72494603F0087A823 /* TableView */,
				2AABCFC92494611A0087A823 /* TextField */,
				2AABCFA624945FF70087A823 /* String */,
				2A0ED2CF24952D1B0042ACE8 /* DateComponentsFormatter */,
				2AABCF9C24945FF70087A823 /* View */,
				2AABCFAB24945FF70087A823 /* ViewController */,
			);
			path = Extension;
			sourceTree = "<group>";
		};
/* End PBXGroup section */

/* Begin PBXNativeTarget section */
		2AF79F022494590900DFBD6A /* HackathonCCR */ = {
			isa = PBXNativeTarget;
			buildConfigurationList = 2AF79F2D2494590C00DFBD6A /* Build configuration list for PBXNativeTarget "HackathonCCR" */;
			buildPhases = (
				2AF79EFF2494590900DFBD6A /* Sources */,
				2AF79F002494590900DFBD6A /* Frameworks */,
				2AF79F012494590900DFBD6A /* Resources */,
				2AF79F3824945A6700DFBD6A /* ShellScript */,
			);
			buildRules = (
			);
			dependencies = (
			);
			name = HackathonCCR;
			productName = HackathonCCR;
			productReference = 2AF79F032494590900DFBD6A /* HackathonCCR.app */;
			productType = "com.apple.product-type.application";
		};
		2AF79F182494590C00DFBD6A /* HackathonCCRTests */ = {
			isa = PBXNativeTarget;
			buildConfigurationList = 2AF79F302494590C00DFBD6A /* Build configuration list for PBXNativeTarget "HackathonCCRTests" */;
			buildPhases = (
				2AF79F152494590C00DFBD6A /* Sources */,
				2AF79F162494590C00DFBD6A /* Frameworks */,
				2AF79F172494590C00DFBD6A /* Resources */,
			);
			buildRules = (
			);
			dependencies = (
				2AF79F1B2494590C00DFBD6A /* PBXTargetDependency */,
			);
			name = HackathonCCRTests;
			productName = HackathonCCRTests;
			productReference = 2AF79F192494590C00DFBD6A /* HackathonCCRTests.xctest */;
			productType = "com.apple.product-type.bundle.unit-test";
		};
		2AF79F232494590C00DFBD6A /* HackathonCCRUITests */ = {
			isa = PBXNativeTarget;
			buildConfigurationList = 2AF79F332494590C00DFBD6A /* Build configuration list for PBXNativeTarget "HackathonCCRUITests" */;
			buildPhases = (
				2AF79F202494590C00DFBD6A /* Sources */,
				2AF79F212494590C00DFBD6A /* Frameworks */,
				2AF79F222494590C00DFBD6A /* Resources */,
			);
			buildRules = (
			);
			dependencies = (
				2AF79F262494590C00DFBD6A /* PBXTargetDependency */,
			);
			name = HackathonCCRUITests;
			productName = HackathonCCRUITests;
			productReference = 2AF79F242494590C00DFBD6A /* HackathonCCRUITests.xctest */;
			productType = "com.apple.product-type.bundle.ui-testing";
		};
/* End PBXNativeTarget section */

/* Begin PBXProject section */
		2AF79EFB2494590900DFBD6A /* Project object */ = {
			isa = PBXProject;
			attributes = {
				LastSwiftUpdateCheck = 1150;
				LastUpgradeCheck = 1150;
				ORGANIZATIONNAME = Equipe261;
				TargetAttributes = {
					2AF79F022494590900DFBD6A = {
						CreatedOnToolsVersion = 11.5;
					};
					2AF79F182494590C00DFBD6A = {
						CreatedOnToolsVersion = 11.5;
						TestTargetID = 2AF79F022494590900DFBD6A;
					};
					2AF79F232494590C00DFBD6A = {
						CreatedOnToolsVersion = 11.5;
						TestTargetID = 2AF79F022494590900DFBD6A;
					};
				};
			};
			buildConfigurationList = 2AF79EFE2494590900DFBD6A /* Build configuration list for PBXProject "HackathonCCR" */;
			compatibilityVersion = "Xcode 9.3";
			developmentRegion = en;
			hasScannedForEncodings = 0;
			knownRegions = (
				en,
				Base,
			);
			mainGroup = 2AF79EFA2494590900DFBD6A;
			productRefGroup = 2AF79F042494590900DFBD6A /* Products */;
			projectDirPath = "";
			projectRoot = "";
			targets = (
				2AF79F022494590900DFBD6A /* HackathonCCR */,
				2AF79F182494590C00DFBD6A /* HackathonCCRTests */,
				2AF79F232494590C00DFBD6A /* HackathonCCRUITests */,
			);
		};
/* End PBXProject section */

/* Begin PBXResourcesBuildPhase section */
		2AF79F012494590900DFBD6A /* Resources */ = {
			isa = PBXResourcesBuildPhase;
			buildActionMask = 2147483647;
			files = (
				2AF79F3D24945BBF00DFBD6A /* Colors.xcassets in Resources */,
				2AF79F4124945BF300DFBD6A /* Images.xcassets in Resources */,
				2AF79F132494590C00DFBD6A /* LaunchScreen.storyboard in Resources */,
				2AF79F3F24945BDF00DFBD6A /* Icons.xcassets in Resources */,
				2AF79F0E2494590900DFBD6A /* Main.storyboard in Resources */,
			);
			runOnlyForDeploymentPostprocessing = 0;
		};
		2AF79F172494590C00DFBD6A /* Resources */ = {
			isa = PBXResourcesBuildPhase;
			buildActionMask = 2147483647;
			files = (
			);
			runOnlyForDeploymentPostprocessing = 0;
		};
		2AF79F222494590C00DFBD6A /* Resources */ = {
			isa = PBXResourcesBuildPhase;
			buildActionMask = 2147483647;
			files = (
			);
			runOnlyForDeploymentPostprocessing = 0;
		};
/* End PBXResourcesBuildPhase section */

/* Begin PBXShellScriptBuildPhase section */
		2AF79F3824945A6700DFBD6A /* ShellScript */ = {
			isa = PBXShellScriptBuildPhase;
			buildActionMask = 2147483647;
			files = (
			);
			inputFileListPaths = (
			);
			inputPaths = (
			);
			outputFileListPaths = (
			);
			outputPaths = (
			);
			runOnlyForDeploymentPostprocessing = 0;
			shellPath = /bin/sh;
			shellScript = "# Type a script or drag a script file from your workspace to insert its path.\n\nif which swiftlint >/dev/null; then\nswiftlint\nelse\necho \"warning: Swiftlint not installed, download from https://github.com/realm/SwiftLint\"\nfi\n";
		};
/* End PBXShellScriptBuildPhase section */

/* Begin PBXSourcesBuildPhase section */
		2AF79EFF2494590900DFBD6A /* Sources */ = {
			isa = PBXSourcesBuildPhase;
			buildActionMask = 2147483647;
			files = (
				2AABCF8A24945FAB0087A823 /* ParameterEncoding.swift in Sources */,
				2AABCF8C24945FAB0087A823 /* URLParameterEncoder.swift in Sources */,
				2AABCFB724945FF70087A823 /* UITextField+Height.swift in Sources */,
				2AABCF8F24945FAB0087A823 /* HTTPMethod.swift in Sources */,
				2AF79F0B2494590900DFBD6A /* ViewController.swift in Sources */,
				2A09C4262495137D008B3CAD /* DirectionsDAO.swift in Sources */,
				2A09C42024948B8D008B3CAD /* GeocodingDAO.swift in Sources */,
				2AABCF9324945FAB0087A823 /* Router.swift in Sources */,
				2A09C41524948A52008B3CAD /* LocationDAO+LocationDataStore.swift in Sources */,
				2AABCF8924945FAB0087A823 /* NetworkDAO.swift in Sources */,
				2AABCFCF249461990087A823 /* Date+dateRanges.swift in Sources */,
				2A09C42424948CF1008B3CAD /* LocationModel.swift in Sources */,
				2A09C41E24948AEC008B3CAD /* QueueManager.swift in Sources */,
				2AF79F4324945C1D00DFBD6A /* AppColors.swift in Sources */,
				2AABCFDB249486F90087A823 /* CommercialFacilityAnnotation.swift in Sources */,
				2A0ED2D124952D420042ACE8 /* DateComponentsFormatter+AppFormatter.swift in Sources */,
				2AABCF8E24945FAB0087A823 /* HTTPTask.swift in Sources */,
				2AABCFBE24945FF70087A823 /* String+Regex.swift in Sources */,
				2AABCFD424947BDE0087A823 /* CommercialFacility.swift in Sources */,
				2AF79F4A24945E0C00DFBD6A /* MeasurementFormatter+AppFormatters.swift in Sources */,
				2AABCFB624945FF70087A823 /* UIView+CornerRadius.swift in Sources */,
				2A09C41424948A52008B3CAD /* LocationDAO.swift in Sources */,
				2AABCF9024945FAB0087A823 /* EndPointType.swift in Sources */,
				2AABCFC324945FF70087A823 /* UITableView+RegisterNib.swift in Sources */,
				2AABCF8B24945FAB0087A823 /* RequestEncodable.swift in Sources */,
				2AF79F072494590900DFBD6A /* AppDelegate.swift in Sources */,
				2A09C41724948A52008B3CAD /* LocationError.swift in Sources */,
				2AABCFB024945FF70087A823 /* AppFonts.swift in Sources */,
				2A09C41B24948ABD008B3CAD /* LocationServices.swift in Sources */,
				2A09C41624948A52008B3CAD /* LocationDAO+LocationManagerDelegate.swift in Sources */,
				2AABCFB524945FF70087A823 /* UIView+Identifiable.swift in Sources */,
				2AABCFB424945FF70087A823 /* UICollectionView+registerNib.swift in Sources */,
				2AABCF9224945FAB0087A823 /* NetoworkRouter.swift in Sources */,
				2AABCF8D24945FAB0087A823 /* JSONParameterEncoder.swift in Sources */,
				2AF79F4E24945E8F00DFBD6A /* NumberFormatter+Decimal.swift in Sources */,
				2AF79F4624945D8F00DFBD6A /* NumberFormatter+Currency.swift in Sources */,
				2AABCFC224945FF70087A823 /* UIViewController+presentAlert.swift in Sources */,
				2AABCFB324945FF70087A823 /* UICollectionView+BackgroundActivity.swift in Sources */,
				2A0ED2CC24951C2A0042ACE8 /* MKMapView+drawRoute.swift in Sources */,
				2AABCFCB2494613E0087A823 /* UITextField+Padding.swift in Sources */,
				2AF79F092494590900DFBD6A /* SceneDelegate.swift in Sources */,
			);
			runOnlyForDeploymentPostprocessing = 0;
		};
		2AF79F152494590C00DFBD6A /* Sources */ = {
			isa = PBXSourcesBuildPhase;
			buildActionMask = 2147483647;
			files = (
				2A09C42124948B8F008B3CAD /* GeocodingDAO.swift in Sources */,
				2AF79F4724945D8F00DFBD6A /* NumberFormatter+Currency.swift in Sources */,
				2A09C4272495137D008B3CAD /* DirectionsDAO.swift in Sources */,
				2AF79F4B24945E0C00DFBD6A /* MeasurementFormatter+AppFormatters.swift in Sources */,
				2A0ED2D224952D420042ACE8 /* DateComponentsFormatter+AppFormatter.swift in Sources */,
				2AABCFD524947BDE0087A823 /* CommercialFacility.swift in Sources */,
				2AABCFCC2494613E0087A823 /* UITextField+Padding.swift in Sources */,
				2AABCFDC249486F90087A823 /* CommercialFacilityAnnotation.swift in Sources */,
				2A0ED2CD24951C2A0042ACE8 /* MKMapView+drawRoute.swift in Sources */,
				2AF79F4F24945E8F00DFBD6A /* NumberFormatter+Decimal.swift in Sources */,
				2AABCFD0249461990087A823 /* Date+dateRanges.swift in Sources */,
			);
			runOnlyForDeploymentPostprocessing = 0;
		};
		2AF79F202494590C00DFBD6A /* Sources */ = {
			isa = PBXSourcesBuildPhase;
			buildActionMask = 2147483647;
			files = (
				2A09C42224948B90008B3CAD /* GeocodingDAO.swift in Sources */,
				2AF79F4824945D8F00DFBD6A /* NumberFormatter+Currency.swift in Sources */,
				2A09C4282495137D008B3CAD /* DirectionsDAO.swift in Sources */,
				2AF79F4C24945E0C00DFBD6A /* MeasurementFormatter+AppFormatters.swift in Sources */,
				2A0ED2D324952D420042ACE8 /* DateComponentsFormatter+AppFormatter.swift in Sources */,
				2AABCFD624947BDE0087A823 /* CommercialFacility.swift in Sources */,
				2AABCFCD2494613E0087A823 /* UITextField+Padding.swift in Sources */,
				2AABCFDD249486F90087A823 /* CommercialFacilityAnnotation.swift in Sources */,
				2A0ED2CE24951C2A0042ACE8 /* MKMapView+drawRoute.swift in Sources */,
				2AF79F5024945E8F00DFBD6A /* NumberFormatter+Decimal.swift in Sources */,
				2AABCFD1249461990087A823 /* Date+dateRanges.swift in Sources */,
			);
			runOnlyForDeploymentPostprocessing = 0;
		};
/* End PBXSourcesBuildPhase section */

/* Begin PBXTargetDependency section */
		2AF79F1B2494590C00DFBD6A /* PBXTargetDependency */ = {
			isa = PBXTargetDependency;
			target = 2AF79F022494590900DFBD6A /* HackathonCCR */;
			targetProxy = 2AF79F1A2494590C00DFBD6A /* PBXContainerItemProxy */;
		};
		2AF79F262494590C00DFBD6A /* PBXTargetDependency */ = {
			isa = PBXTargetDependency;
			target = 2AF79F022494590900DFBD6A /* HackathonCCR */;
			targetProxy = 2AF79F252494590C00DFBD6A /* PBXContainerItemProxy */;
		};
/* End PBXTargetDependency section */

/* Begin PBXVariantGroup section */
		2AF79F0C2494590900DFBD6A /* Main.storyboard */ = {
			isa = PBXVariantGroup;
			children = (
				2AF79F0D2494590900DFBD6A /* Base */,
			);
			name = Main.storyboard;
			sourceTree = "<group>";
		};
		2AF79F112494590C00DFBD6A /* LaunchScreen.storyboard */ = {
			isa = PBXVariantGroup;
			children = (
				2AF79F122494590C00DFBD6A /* Base */,
			);
			name = LaunchScreen.storyboard;
			sourceTree = "<group>";
		};
/* End PBXVariantGroup section */

/* Begin XCBuildConfiguration section */
		2AF79F2B2494590C00DFBD6A /* Debug */ = {
			isa = XCBuildConfiguration;
			buildSettings = {
				ALWAYS_SEARCH_USER_PATHS = NO;
				CLANG_ANALYZER_NONNULL = YES;
				CLANG_ANALYZER_NUMBER_OBJECT_CONVERSION = YES_AGGRESSIVE;
				CLANG_CXX_LANGUAGE_STANDARD = "gnu++14";
				CLANG_CXX_LIBRARY = "libc++";
				CLANG_ENABLE_MODULES = YES;
				CLANG_ENABLE_OBJC_ARC = YES;
				CLANG_ENABLE_OBJC_WEAK = YES;
				CLANG_WARN_BLOCK_CAPTURE_AUTORELEASING = YES;
				CLANG_WARN_BOOL_CONVERSION = YES;
				CLANG_WARN_COMMA = YES;
				CLANG_WARN_CONSTANT_CONVERSION = YES;
				CLANG_WARN_DEPRECATED_OBJC_IMPLEMENTATIONS = YES;
				CLANG_WARN_DIRECT_OBJC_ISA_USAGE = YES_ERROR;
				CLANG_WARN_DOCUMENTATION_COMMENTS = YES;
				CLANG_WARN_EMPTY_BODY = YES;
				CLANG_WARN_ENUM_CONVERSION = YES;
				CLANG_WARN_INFINITE_RECURSION = YES;
				CLANG_WARN_INT_CONVERSION = YES;
				CLANG_WARN_NON_LITERAL_NULL_CONVERSION = YES;
				CLANG_WARN_OBJC_IMPLICIT_RETAIN_SELF = YES;
				CLANG_WARN_OBJC_LITERAL_CONVERSION = YES;
				CLANG_WARN_OBJC_ROOT_CLASS = YES_ERROR;
				CLANG_WARN_RANGE_LOOP_ANALYSIS = YES;
				CLANG_WARN_STRICT_PROTOTYPES = YES;
				CLANG_WARN_SUSPICIOUS_MOVE = YES;
				CLANG_WARN_UNGUARDED_AVAILABILITY = YES_AGGRESSIVE;
				CLANG_WARN_UNREACHABLE_CODE = YES;
				CLANG_WARN__DUPLICATE_METHOD_MATCH = YES;
				COPY_PHASE_STRIP = NO;
				DEBUG_INFORMATION_FORMAT = dwarf;
				ENABLE_STRICT_OBJC_MSGSEND = YES;
				ENABLE_TESTABILITY = YES;
				GCC_C_LANGUAGE_STANDARD = gnu11;
				GCC_DYNAMIC_NO_PIC = NO;
				GCC_NO_COMMON_BLOCKS = YES;
				GCC_OPTIMIZATION_LEVEL = 0;
				GCC_PREPROCESSOR_DEFINITIONS = (
					"DEBUG=1",
					"$(inherited)",
				);
				GCC_WARN_64_TO_32_BIT_CONVERSION = YES;
				GCC_WARN_ABOUT_RETURN_TYPE = YES_ERROR;
				GCC_WARN_UNDECLARED_SELECTOR = YES;
				GCC_WARN_UNINITIALIZED_AUTOS = YES_AGGRESSIVE;
				GCC_WARN_UNUSED_FUNCTION = YES;
				GCC_WARN_UNUSED_VARIABLE = YES;
				IPHONEOS_DEPLOYMENT_TARGET = 13.5;
				MTL_ENABLE_DEBUG_INFO = INCLUDE_SOURCE;
				MTL_FAST_MATH = YES;
				ONLY_ACTIVE_ARCH = YES;
				SDKROOT = iphoneos;
				SWIFT_ACTIVE_COMPILATION_CONDITIONS = DEBUG;
				SWIFT_OPTIMIZATION_LEVEL = "-Onone";
			};
			name = Debug;
		};
		2AF79F2C2494590C00DFBD6A /* Release */ = {
			isa = XCBuildConfiguration;
			buildSettings = {
				ALWAYS_SEARCH_USER_PATHS = NO;
				CLANG_ANALYZER_NONNULL = YES;
				CLANG_ANALYZER_NUMBER_OBJECT_CONVERSION = YES_AGGRESSIVE;
				CLANG_CXX_LANGUAGE_STANDARD = "gnu++14";
				CLANG_CXX_LIBRARY = "libc++";
				CLANG_ENABLE_MODULES = YES;
				CLANG_ENABLE_OBJC_ARC = YES;
				CLANG_ENABLE_OBJC_WEAK = YES;
				CLANG_WARN_BLOCK_CAPTURE_AUTORELEASING = YES;
				CLANG_WARN_BOOL_CONVERSION = YES;
				CLANG_WARN_COMMA = YES;
				CLANG_WARN_CONSTANT_CONVERSION = YES;
				CLANG_WARN_DEPRECATED_OBJC_IMPLEMENTATIONS = YES;
				CLANG_WARN_DIRECT_OBJC_ISA_USAGE = YES_ERROR;
				CLANG_WARN_DOCUMENTATION_COMMENTS = YES;
				CLANG_WARN_EMPTY_BODY = YES;
				CLANG_WARN_ENUM_CONVERSION = YES;
				CLANG_WARN_INFINITE_RECURSION = YES;
				CLANG_WARN_INT_CONVERSION = YES;
				CLANG_WARN_NON_LITERAL_NULL_CONVERSION = YES;
				CLANG_WARN_OBJC_IMPLICIT_RETAIN_SELF = YES;
				CLANG_WARN_OBJC_LITERAL_CONVERSION = YES;
				CLANG_WARN_OBJC_ROOT_CLASS = YES_ERROR;
				CLANG_WARN_RANGE_LOOP_ANALYSIS = YES;
				CLANG_WARN_STRICT_PROTOTYPES = YES;
				CLANG_WARN_SUSPICIOUS_MOVE = YES;
				CLANG_WARN_UNGUARDED_AVAILABILITY = YES_AGGRESSIVE;
				CLANG_WARN_UNREACHABLE_CODE = YES;
				CLANG_WARN__DUPLICATE_METHOD_MATCH = YES;
				COPY_PHASE_STRIP = NO;
				DEBUG_INFORMATION_FORMAT = "dwarf-with-dsym";
				ENABLE_NS_ASSERTIONS = NO;
				ENABLE_STRICT_OBJC_MSGSEND = YES;
				GCC_C_LANGUAGE_STANDARD = gnu11;
				GCC_NO_COMMON_BLOCKS = YES;
				GCC_WARN_64_TO_32_BIT_CONVERSION = YES;
				GCC_WARN_ABOUT_RETURN_TYPE = YES_ERROR;
				GCC_WARN_UNDECLARED_SELECTOR = YES;
				GCC_WARN_UNINITIALIZED_AUTOS = YES_AGGRESSIVE;
				GCC_WARN_UNUSED_FUNCTION = YES;
				GCC_WARN_UNUSED_VARIABLE = YES;
				IPHONEOS_DEPLOYMENT_TARGET = 13.5;
				MTL_ENABLE_DEBUG_INFO = NO;
				MTL_FAST_MATH = YES;
				SDKROOT = iphoneos;
				SWIFT_COMPILATION_MODE = wholemodule;
				SWIFT_OPTIMIZATION_LEVEL = "-O";
				VALIDATE_PRODUCT = YES;
			};
			name = Release;
		};
		2AF79F2E2494590C00DFBD6A /* Debug */ = {
			isa = XCBuildConfiguration;
			buildSettings = {
				ASSETCATALOG_COMPILER_APPICON_NAME = AppIcon;
				CODE_SIGN_STYLE = Automatic;
				DEVELOPMENT_TEAM = S4Q3AU77J8;
				INFOPLIST_FILE = HackathonCCR/Info.plist;
				IPHONEOS_DEPLOYMENT_TARGET = 11.0;
				LD_RUNPATH_SEARCH_PATHS = (
					"$(inherited)",
					"@executable_path/Frameworks",
				);
				PRODUCT_BUNDLE_IDENTIFIER = com.Equipe261.HackathonCCR;
				PRODUCT_NAME = "$(TARGET_NAME)";
				SWIFT_VERSION = 5.0;
				TARGETED_DEVICE_FAMILY = "1,2";
			};
			name = Debug;
		};
		2AF79F2F2494590C00DFBD6A /* Release */ = {
			isa = XCBuildConfiguration;
			buildSettings = {
				ASSETCATALOG_COMPILER_APPICON_NAME = AppIcon;
				CODE_SIGN_STYLE = Automatic;
				DEVELOPMENT_TEAM = S4Q3AU77J8;
				INFOPLIST_FILE = HackathonCCR/Info.plist;
				IPHONEOS_DEPLOYMENT_TARGET = 11.0;
				LD_RUNPATH_SEARCH_PATHS = (
					"$(inherited)",
					"@executable_path/Frameworks",
				);
				PRODUCT_BUNDLE_IDENTIFIER = com.Equipe261.HackathonCCR;
				PRODUCT_NAME = "$(TARGET_NAME)";
				SWIFT_VERSION = 5.0;
				TARGETED_DEVICE_FAMILY = "1,2";
			};
			name = Release;
		};
		2AF79F312494590C00DFBD6A /* Debug */ = {
			isa = XCBuildConfiguration;
			buildSettings = {
				ALWAYS_EMBED_SWIFT_STANDARD_LIBRARIES = YES;
				BUNDLE_LOADER = "$(TEST_HOST)";
				CODE_SIGN_STYLE = Automatic;
				DEVELOPMENT_TEAM = S4Q3AU77J8;
				INFOPLIST_FILE = HackathonCCRTests/Info.plist;
				IPHONEOS_DEPLOYMENT_TARGET = 13.5;
				LD_RUNPATH_SEARCH_PATHS = (
					"$(inherited)",
					"@executable_path/Frameworks",
					"@loader_path/Frameworks",
				);
				PRODUCT_BUNDLE_IDENTIFIER = com.Equipe261.HackathonCCRTests;
				PRODUCT_NAME = "$(TARGET_NAME)";
				SWIFT_VERSION = 5.0;
				TARGETED_DEVICE_FAMILY = "1,2";
				TEST_HOST = "$(BUILT_PRODUCTS_DIR)/HackathonCCR.app/HackathonCCR";
			};
			name = Debug;
		};
		2AF79F322494590C00DFBD6A /* Release */ = {
			isa = XCBuildConfiguration;
			buildSettings = {
				ALWAYS_EMBED_SWIFT_STANDARD_LIBRARIES = YES;
				BUNDLE_LOADER = "$(TEST_HOST)";
				CODE_SIGN_STYLE = Automatic;
				DEVELOPMENT_TEAM = S4Q3AU77J8;
				INFOPLIST_FILE = HackathonCCRTests/Info.plist;
				IPHONEOS_DEPLOYMENT_TARGET = 13.5;
				LD_RUNPATH_SEARCH_PATHS = (
					"$(inherited)",
					"@executable_path/Frameworks",
					"@loader_path/Frameworks",
				);
				PRODUCT_BUNDLE_IDENTIFIER = com.Equipe261.HackathonCCRTests;
				PRODUCT_NAME = "$(TARGET_NAME)";
				SWIFT_VERSION = 5.0;
				TARGETED_DEVICE_FAMILY = "1,2";
				TEST_HOST = "$(BUILT_PRODUCTS_DIR)/HackathonCCR.app/HackathonCCR";
			};
			name = Release;
		};
		2AF79F342494590C00DFBD6A /* Debug */ = {
			isa = XCBuildConfiguration;
			buildSettings = {
				ALWAYS_EMBED_SWIFT_STANDARD_LIBRARIES = YES;
				CODE_SIGN_STYLE = Automatic;
				DEVELOPMENT_TEAM = S4Q3AU77J8;
				INFOPLIST_FILE = HackathonCCRUITests/Info.plist;
				LD_RUNPATH_SEARCH_PATHS = (
					"$(inherited)",
					"@executable_path/Frameworks",
					"@loader_path/Frameworks",
				);
				PRODUCT_BUNDLE_IDENTIFIER = com.Equipe261.HackathonCCRUITests;
				PRODUCT_NAME = "$(TARGET_NAME)";
				SWIFT_VERSION = 5.0;
				TARGETED_DEVICE_FAMILY = "1,2";
				TEST_TARGET_NAME = HackathonCCR;
			};
			name = Debug;
		};
		2AF79F352494590C00DFBD6A /* Release */ = {
			isa = XCBuildConfiguration;
			buildSettings = {
				ALWAYS_EMBED_SWIFT_STANDARD_LIBRARIES = YES;
				CODE_SIGN_STYLE = Automatic;
				DEVELOPMENT_TEAM = S4Q3AU77J8;
				INFOPLIST_FILE = HackathonCCRUITests/Info.plist;
				LD_RUNPATH_SEARCH_PATHS = (
					"$(inherited)",
					"@executable_path/Frameworks",
					"@loader_path/Frameworks",
				);
				PRODUCT_BUNDLE_IDENTIFIER = com.Equipe261.HackathonCCRUITests;
				PRODUCT_NAME = "$(TARGET_NAME)";
				SWIFT_VERSION = 5.0;
				TARGETED_DEVICE_FAMILY = "1,2";
				TEST_TARGET_NAME = HackathonCCR;
			};
			name = Release;
		};
/* End XCBuildConfiguration section */

/* Begin XCConfigurationList section */
		2AF79EFE2494590900DFBD6A /* Build configuration list for PBXProject "HackathonCCR" */ = {
			isa = XCConfigurationList;
			buildConfigurations = (
				2AF79F2B2494590C00DFBD6A /* Debug */,
				2AF79F2C2494590C00DFBD6A /* Release */,
			);
			defaultConfigurationIsVisible = 0;
			defaultConfigurationName = Release;
		};
		2AF79F2D2494590C00DFBD6A /* Build configuration list for PBXNativeTarget "HackathonCCR" */ = {
			isa = XCConfigurationList;
			buildConfigurations = (
				2AF79F2E2494590C00DFBD6A /* Debug */,
				2AF79F2F2494590C00DFBD6A /* Release */,
			);
			defaultConfigurationIsVisible = 0;
			defaultConfigurationName = Release;
		};
		2AF79F302494590C00DFBD6A /* Build configuration list for PBXNativeTarget "HackathonCCRTests" */ = {
			isa = XCConfigurationList;
			buildConfigurations = (
				2AF79F312494590C00DFBD6A /* Debug */,
				2AF79F322494590C00DFBD6A /* Release */,
			);
			defaultConfigurationIsVisible = 0;
			defaultConfigurationName = Release;
		};
		2AF79F332494590C00DFBD6A /* Build configuration list for PBXNativeTarget "HackathonCCRUITests" */ = {
			isa = XCConfigurationList;
			buildConfigurations = (
				2AF79F342494590C00DFBD6A /* Debug */,
				2AF79F352494590C00DFBD6A /* Release */,
			);
			defaultConfigurationIsVisible = 0;
			defaultConfigurationName = Release;
		};
/* End XCConfigurationList section */
	};
	rootObject = 2AF79EFB2494590900DFBD6A /* Project object */;
}
